// !$*UTF8*$!
{
	archiveVersion = 1;
	classes = {
	};
	objectVersion = 53;
	objects = {

/* Begin PBXBuildFile section */
		F92FA76C2386D55800EACB22 /* KSRoundedCornerButton.swift in Sources */ = {isa = PBXBuildFile; fileRef = F92FA76B2386D55700EACB22 /* KSRoundedCornerButton.swift */; };
		F92FA7712386D5DC00EACB22 /* SfSymbolsLightViewController.swift in Sources */ = {isa = PBXBuildFile; fileRef = F92FA7702386D5DC00EACB22 /* SfSymbolsLightViewController.swift */; };
		F92FA7732386D5EB00EACB22 /* SfSymbolsDarkViewController.swift in Sources */ = {isa = PBXBuildFile; fileRef = F92FA7722386D5EB00EACB22 /* SfSymbolsDarkViewController.swift */; };
		F92FA7752386D60400EACB22 /* ImageLightViewController.swift in Sources */ = {isa = PBXBuildFile; fileRef = F92FA7742386D60400EACB22 /* ImageLightViewController.swift */; };
		F92FA7772386D61B00EACB22 /* ImageDarkViewController.swift in Sources */ = {isa = PBXBuildFile; fileRef = F92FA7762386D61B00EACB22 /* ImageDarkViewController.swift */; };
		F9462E19236F15BE00EEFCE6 /* KSRoundedCornerLabel.swift in Sources */ = {isa = PBXBuildFile; fileRef = F9462E18236F15BE00EEFCE6 /* KSRoundedCornerLabel.swift */; };
		F94D60922385886F0065CDF9 /* SystemColorLightViewController.swift in Sources */ = {isa = PBXBuildFile; fileRef = F94D60912385886F0065CDF9 /* SystemColorLightViewController.swift */; };
		F94D609423858B260065CDF9 /* SystemColorDarkViewController.swift in Sources */ = {isa = PBXBuildFile; fileRef = F94D609323858B260065CDF9 /* SystemColorDarkViewController.swift */; };
		F94D609623858B930065CDF9 /* ContentBackgroundLightViewController.swift in Sources */ = {isa = PBXBuildFile; fileRef = F94D609523858B930065CDF9 /* ContentBackgroundLightViewController.swift */; };
		F94D609823858BA50065CDF9 /* ContentBackgroundDarkViewController.swift in Sources */ = {isa = PBXBuildFile; fileRef = F94D609723858BA50065CDF9 /* ContentBackgroundDarkViewController.swift */; };
		F94D609A23858C6F0065CDF9 /* UiElemenstLightViewController.swift in Sources */ = {isa = PBXBuildFile; fileRef = F94D609923858C6F0065CDF9 /* UiElemenstLightViewController.swift */; };
		F94D609C23858C840065CDF9 /* UiElemenstDarkViewController.swift in Sources */ = {isa = PBXBuildFile; fileRef = F94D609B23858C840065CDF9 /* UiElemenstDarkViewController.swift */; };
		F9652A09236D8F6E0099D900 /* AppDelegate.swift in Sources */ = {isa = PBXBuildFile; fileRef = F9652A08236D8F6E0099D900 /* AppDelegate.swift */; };
		F9652A0B236D8F6E0099D900 /* SceneDelegate.swift in Sources */ = {isa = PBXBuildFile; fileRef = F9652A0A236D8F6E0099D900 /* SceneDelegate.swift */; };
		F9652A0D236D8F6E0099D900 /* ViewController.swift in Sources */ = {isa = PBXBuildFile; fileRef = F9652A0C236D8F6E0099D900 /* ViewController.swift */; };
		F9652A10236D8F6E0099D900 /* Main.storyboard in Resources */ = {isa = PBXBuildFile; fileRef = F9652A0E236D8F6E0099D900 /* Main.storyboard */; };
		F9652A12236D8F7B0099D900 /* Assets.xcassets in Resources */ = {isa = PBXBuildFile; fileRef = F9652A11236D8F7B0099D900 /* Assets.xcassets */; };
		F9652A15236D8F7B0099D900 /* LaunchScreen.storyboard in Resources */ = {isa = PBXBuildFile; fileRef = F9652A13236D8F7B0099D900 /* LaunchScreen.storyboard */; };
/* End PBXBuildFile section */

/* Begin PBXFileReference section */
		F92FA76B2386D55700EACB22 /* KSRoundedCornerButton.swift */ = {isa = PBXFileReference; fileEncoding = 4; lastKnownFileType = sourcecode.swift; path = KSRoundedCornerButton.swift; sourceTree = "<group>"; };
		F92FA76E2386D56800EACB22 /* KSRoundedCornerView.swift */ = {isa = PBXFileReference; lastKnownFileType = sourcecode.swift; path = KSRoundedCornerView.swift; sourceTree = "<group>"; };
		F92FA7702386D5DC00EACB22 /* SfSymbolsLightViewController.swift */ = {isa = PBXFileReference; lastKnownFileType = sourcecode.swift; path = SfSymbolsLightViewController.swift; sourceTree = "<group>"; };
		F92FA7722386D5EB00EACB22 /* SfSymbolsDarkViewController.swift */ = {isa = PBXFileReference; lastKnownFileType = sourcecode.swift; path = SfSymbolsDarkViewController.swift; sourceTree = "<group>"; };
		F92FA7742386D60400EACB22 /* ImageLightViewController.swift */ = {isa = PBXFileReference; lastKnownFileType = sourcecode.swift; path = ImageLightViewController.swift; sourceTree = "<group>"; };
		F92FA7762386D61B00EACB22 /* ImageDarkViewController.swift */ = {isa = PBXFileReference; lastKnownFileType = sourcecode.swift; path = ImageDarkViewController.swift; sourceTree = "<group>"; };
		F9462E18236F15BE00EEFCE6 /* KSRoundedCornerLabel.swift */ = {isa = PBXFileReference; fileEncoding = 4; lastKnownFileType = sourcecode.swift; path = KSRoundedCornerLabel.swift; sourceTree = "<group>"; };
		F94D60912385886F0065CDF9 /* SystemColorLightViewController.swift */ = {isa = PBXFileReference; lastKnownFileType = sourcecode.swift; path = SystemColorLightViewController.swift; sourceTree = "<group>"; };
		F94D609323858B260065CDF9 /* SystemColorDarkViewController.swift */ = {isa = PBXFileReference; lastKnownFileType = sourcecode.swift; path = SystemColorDarkViewController.swift; sourceTree = "<group>"; };
		F94D609523858B930065CDF9 /* ContentBackgroundLightViewController.swift */ = {isa = PBXFileReference; lastKnownFileType = sourcecode.swift; path = ContentBackgroundLightViewController.swift; sourceTree = "<group>"; };
		F94D609723858BA50065CDF9 /* ContentBackgroundDarkViewController.swift */ = {isa = PBXFileReference; lastKnownFileType = sourcecode.swift; path = ContentBackgroundDarkViewController.swift; sourceTree = "<group>"; };
		F94D609923858C6F0065CDF9 /* UiElemenstLightViewController.swift */ = {isa = PBXFileReference; lastKnownFileType = sourcecode.swift; path = UiElemenstLightViewController.swift; sourceTree = "<group>"; };
		F94D609B23858C840065CDF9 /* UiElemenstDarkViewController.swift */ = {isa = PBXFileReference; lastKnownFileType = sourcecode.swift; path = UiElemenstDarkViewController.swift; sourceTree = "<group>"; };
		F9652A05236D8F6E0099D900 /* blog-dark-mode.app */ = {isa = PBXFileReference; explicitFileType = wrapper.application; includeInIndex = 0; path = "blog-dark-mode.app"; sourceTree = BUILT_PRODUCTS_DIR; };
		F9652A08236D8F6E0099D900 /* AppDelegate.swift */ = {isa = PBXFileReference; lastKnownFileType = sourcecode.swift; path = AppDelegate.swift; sourceTree = "<group>"; };
		F9652A0A236D8F6E0099D900 /* SceneDelegate.swift */ = {isa = PBXFileReference; lastKnownFileType = sourcecode.swift; path = SceneDelegate.swift; sourceTree = "<group>"; };
		F9652A0C236D8F6E0099D900 /* ViewController.swift */ = {isa = PBXFileReference; lastKnownFileType = sourcecode.swift; path = ViewController.swift; sourceTree = "<group>"; };
		F9652A0F236D8F6E0099D900 /* Base */ = {isa = PBXFileReference; lastKnownFileType = file.storyboard; name = Base; path = Base.lproj/Main.storyboard; sourceTree = "<group>"; };
		F9652A11236D8F7B0099D900 /* Assets.xcassets */ = {isa = PBXFileReference; lastKnownFileType = folder.assetcatalog; path = Assets.xcassets; sourceTree = "<group>"; };
		F9652A14236D8F7B0099D900 /* Base */ = {isa = PBXFileReference; lastKnownFileType = file.storyboard; name = Base; path = Base.lproj/LaunchScreen.storyboard; sourceTree = "<group>"; };
		F9652A16236D8F7B0099D900 /* Info.plist */ = {isa = PBXFileReference; lastKnownFileType = text.plist.xml; path = Info.plist; sourceTree = "<group>"; };
/* End PBXFileReference section */

/* Begin PBXFrameworksBuildPhase section */
		F9652A02236D8F6D0099D900 /* Frameworks */ = {
			isa = PBXFrameworksBuildPhase;
			buildActionMask = 2147483647;
			files = (
			);
			runOnlyForDeploymentPostprocessing = 0;
		};
/* End PBXFrameworksBuildPhase section */

/* Begin PBXGroup section */
		F92FA76D2386D55F00EACB22 /* Library */ = {
			isa = PBXGroup;
			children = (
				F92FA76E2386D56800EACB22 /* KSRoundedCornerView.swift */,
				F9462E18236F15BE00EEFCE6 /* KSRoundedCornerLabel.swift */,
				F92FA76B2386D55700EACB22 /* KSRoundedCornerButton.swift */,
			);
			path = Library;
			sourceTree = "<group>";
		};
		F92FA76F2386D56D00EACB22 /* View Controllers */ = {
			isa = PBXGroup;
			children = (
				F9652A0C236D8F6E0099D900 /* ViewController.swift */,
				F94D60912385886F0065CDF9 /* SystemColorLightViewController.swift */,
				F94D609323858B260065CDF9 /* SystemColorDarkViewController.swift */,
				F94D609523858B930065CDF9 /* ContentBackgroundLightViewController.swift */,
				F94D609723858BA50065CDF9 /* ContentBackgroundDarkViewController.swift */,
				F94D609923858C6F0065CDF9 /* UiElemenstLightViewController.swift */,
				F94D609B23858C840065CDF9 /* UiElemenstDarkViewController.swift */,
				F92FA7702386D5DC00EACB22 /* SfSymbolsLightViewController.swift */,
				F92FA7722386D5EB00EACB22 /* SfSymbolsDarkViewController.swift */,
				F92FA7742386D60400EACB22 /* ImageLightViewController.swift */,
				F92FA7762386D61B00EACB22 /* ImageDarkViewController.swift */,
			);
			path = "View Controllers";
			sourceTree = "<group>";
		};
		F96529FC236D8F6D0099D900 = {
			isa = PBXGroup;
			children = (
				F9652A07236D8F6E0099D900 /* blog-dark-mode */,
				F9652A06236D8F6E0099D900 /* Products */,
			);
			sourceTree = "<group>";
		};
		F9652A06236D8F6E0099D900 /* Products */ = {
			isa = PBXGroup;
			children = (
				F9652A05236D8F6E0099D900 /* blog-dark-mode.app */,
			);
			name = Products;
			sourceTree = "<group>";
		};
		F9652A07236D8F6E0099D900 /* blog-dark-mode */ = {
			isa = PBXGroup;
			children = (
				F92FA76F2386D56D00EACB22 /* View Controllers */,
				F92FA76D2386D55F00EACB22 /* Library */,
				F9652A08236D8F6E0099D900 /* AppDelegate.swift */,
				F9652A0A236D8F6E0099D900 /* SceneDelegate.swift */,
				F9652A0E236D8F6E0099D900 /* Main.storyboard */,
				F9652A11236D8F7B0099D900 /* Assets.xcassets */,
				F9652A13236D8F7B0099D900 /* LaunchScreen.storyboard */,
				F9652A16236D8F7B0099D900 /* Info.plist */,
			);
			path = "blog-dark-mode";
			sourceTree = "<group>";
		};
/* End PBXGroup section */

/* Begin PBXNativeTarget section */
		F9652A04236D8F6D0099D900 /* blog-dark-mode */ = {
			isa = PBXNativeTarget;
			buildConfigurationList = F9652A19236D8F7B0099D900 /* Build configuration list for PBXNativeTarget "blog-dark-mode" */;
			buildPhases = (
				F9652A01236D8F6D0099D900 /* Sources */,
				F9652A02236D8F6D0099D900 /* Frameworks */,
				F9652A03236D8F6D0099D900 /* Resources */,
			);
			buildRules = (
			);
			dependencies = (
			);
			name = "blog-dark-mode";
			productName = "blog-dark-mode";
			productReference = F9652A05236D8F6E0099D900 /* blog-dark-mode.app */;
			productType = "com.apple.product-type.application";
		};
/* End PBXNativeTarget section */

/* Begin PBXProject section */
		F96529FD236D8F6D0099D900 /* Project object */ = {
			isa = PBXProject;
			attributes = {
				BuildIndependentTargetsInParallel = YES;
				LastSwiftUpdateCheck = 1120;
				LastUpgradeCheck = 1430;
				ORGANIZATIONNAME = "Lee Kah Seng";
				TargetAttributes = {
					F9652A04236D8F6D0099D900 = {
						CreatedOnToolsVersion = 11.2;
					};
				};
			};
			buildConfigurationList = F9652A00236D8F6D0099D900 /* Build configuration list for PBXProject "blog-dark-mode" */;
			compatibilityVersion = "Xcode 9.3";
			developmentRegion = en;
			hasScannedForEncodings = 0;
			knownRegions = (
				en,
				Base,
			);
			mainGroup = F96529FC236D8F6D0099D900;
			productRefGroup = F9652A06236D8F6E0099D900 /* Products */;
			projectDirPath = "";
			projectRoot = "";
			targets = (
				F9652A04236D8F6D0099D900 /* blog-dark-mode */,
			);
		};
/* End PBXProject section */

/* Begin PBXResourcesBuildPhase section */
		F9652A03236D8F6D0099D900 /* Resources */ = {
			isa = PBXResourcesBuildPhase;
			buildActionMask = 2147483647;
			files = (
				F9652A15236D8F7B0099D900 /* LaunchScreen.storyboard in Resources */,
				F9652A12236D8F7B0099D900 /* Assets.xcassets in Resources */,
				F9652A10236D8F6E0099D900 /* Main.storyboard in Resources */,
			);
			runOnlyForDeploymentPostprocessing = 0;
		};
/* End PBXResourcesBuildPhase section */

/* Begin PBXSourcesBuildPhase section */
		F9652A01236D8F6D0099D900 /* Sources */ = {
			isa = PBXSourcesBuildPhase;
			buildActionMask = 2147483647;
			files = (
				F92FA7732386D5EB00EACB22 /* SfSymbolsDarkViewController.swift in Sources */,
				F92FA7752386D60400EACB22 /* ImageLightViewController.swift in Sources */,
				F94D609A23858C6F0065CDF9 /* UiElemenstLightViewController.swift in Sources */,
				F94D60922385886F0065CDF9 /* SystemColorLightViewController.swift in Sources */,
				F94D609423858B260065CDF9 /* SystemColorDarkViewController.swift in Sources */,
				F94D609C23858C840065CDF9 /* UiElemenstDarkViewController.swift in Sources */,
				F92FA7772386D61B00EACB22 /* ImageDarkViewController.swift in Sources */,
				F9652A0D236D8F6E0099D900 /* ViewController.swift in Sources */,
				F9652A09236D8F6E0099D900 /* AppDelegate.swift in Sources */,
				F92FA76C2386D55800EACB22 /* KSRoundedCornerButton.swift in Sources */,
				F94D609823858BA50065CDF9 /* ContentBackgroundDarkViewController.swift in Sources */,
				F9652A0B236D8F6E0099D900 /* SceneDelegate.swift in Sources */,
				F9462E19236F15BE00EEFCE6 /* KSRoundedCornerLabel.swift in Sources */,
				F92FA7712386D5DC00EACB22 /* SfSymbolsLightViewController.swift in Sources */,
				F94D609623858B930065CDF9 /* ContentBackgroundLightViewController.swift in Sources */,
			);
			runOnlyForDeploymentPostprocessing = 0;
		};
/* End PBXSourcesBuildPhase section */

/* Begin PBXVariantGroup section */
		F9652A0E236D8F6E0099D900 /* Main.storyboard */ = {
			isa = PBXVariantGroup;
			children = (
				F9652A0F236D8F6E0099D900 /* Base */,
			);
			name = Main.storyboard;
			sourceTree = "<group>";
		};
		F9652A13236D8F7B0099D900 /* LaunchScreen.storyboard */ = {
			isa = PBXVariantGroup;
			children = (
				F9652A14236D8F7B0099D900 /* Base */,
			);
			name = LaunchScreen.storyboard;
			sourceTree = "<group>";
		};
/* End PBXVariantGroup section */

/* Begin XCBuildConfiguration section */
		F9652A17236D8F7B0099D900 /* Debug */ = {
			isa = XCBuildConfiguration;
			buildSettings = {
				ALWAYS_SEARCH_USER_PATHS = NO;
				CLANG_ANALYZER_NONNULL = YES;
				CLANG_ANALYZER_NUMBER_OBJECT_CONVERSION = YES_AGGRESSIVE;
				CLANG_CXX_LANGUAGE_STANDARD = "gnu++14";
				CLANG_CXX_LIBRARY = "libc++";
				CLANG_ENABLE_MODULES = YES;
				CLANG_ENABLE_OBJC_ARC = YES;
				CLANG_ENABLE_OBJC_WEAK = YES;
				CLANG_WARN_BLOCK_CAPTURE_AUTORELEASING = YES;
				CLANG_WARN_BOOL_CONVERSION = YES;
				CLANG_WARN_COMMA = YES;
				CLANG_WARN_CONSTANT_CONVERSION = YES;
				CLANG_WARN_DEPRECATED_OBJC_IMPLEMENTATIONS = YES;
				CLANG_WARN_DIRECT_OBJC_ISA_USAGE = YES_ERROR;
				CLANG_WARN_DOCUMENTATION_COMMENTS = YES;
				CLANG_WARN_EMPTY_BODY = YES;
				CLANG_WARN_ENUM_CONVERSION = YES;
				CLANG_WARN_INFINITE_RECURSION = YES;
				CLANG_WARN_INT_CONVERSION = YES;
				CLANG_WARN_NON_LITERAL_NULL_CONVERSION = YES;
				CLANG_WARN_OBJC_IMPLICIT_RETAIN_SELF = YES;
				CLANG_WARN_OBJC_LITERAL_CONVERSION = YES;
				CLANG_WARN_OBJC_ROOT_CLASS = YES_ERROR;
				CLANG_WARN_QUOTED_INCLUDE_IN_FRAMEWORK_HEADER = YES;
				CLANG_WARN_RANGE_LOOP_ANALYSIS = YES;
				CLANG_WARN_STRICT_PROTOTYPES = YES;
				CLANG_WARN_SUSPICIOUS_MOVE = YES;
				CLANG_WARN_UNGUARDED_AVAILABILITY = YES_AGGRESSIVE;
				CLANG_WARN_UNREACHABLE_CODE = YES;
				CLANG_WARN__DUPLICATE_METHOD_MATCH = YES;
				COPY_PHASE_STRIP = NO;
				DEBUG_INFORMATION_FORMAT = dwarf;
				ENABLE_STRICT_OBJC_MSGSEND = YES;
				ENABLE_TESTABILITY = YES;
				GCC_C_LANGUAGE_STANDARD = gnu11;
				GCC_DYNAMIC_NO_PIC = NO;
				GCC_NO_COMMON_BLOCKS = YES;
				GCC_OPTIMIZATION_LEVEL = 0;
				GCC_PREPROCESSOR_DEFINITIONS = (
					"DEBUG=1",
					"$(inherited)",
				);
				GCC_WARN_64_TO_32_BIT_CONVERSION = YES;
				GCC_WARN_ABOUT_RETURN_TYPE = YES_ERROR;
				GCC_WARN_UNDECLARED_SELECTOR = YES;
				GCC_WARN_UNINITIALIZED_AUTOS = YES_AGGRESSIVE;
				GCC_WARN_UNUSED_FUNCTION = YES;
				GCC_WARN_UNUSED_VARIABLE = YES;
				IPHONEOS_DEPLOYMENT_TARGET = 14.0;
				MTL_ENABLE_DEBUG_INFO = INCLUDE_SOURCE;
				MTL_FAST_MATH = YES;
				ONLY_ACTIVE_ARCH = YES;
				SDKROOT = iphoneos;
				SWIFT_ACTIVE_COMPILATION_CONDITIONS = DEBUG;
				SWIFT_OPTIMIZATION_LEVEL = "-Onone";
			};
			name = Debug;
		};
		F9652A18236D8F7B0099D900 /* Release */ = {
			isa = XCBuildConfiguration;
			buildSettings = {
				ALWAYS_SEARCH_USER_PATHS = NO;
				CLANG_ANALYZER_NONNULL = YES;
				CLANG_ANALYZER_NUMBER_OBJECT_CONVERSION = YES_AGGRESSIVE;
				CLANG_CXX_LANGUAGE_STANDARD = "gnu++14";
				CLANG_CXX_LIBRARY = "libc++";
				CLANG_ENABLE_MODULES = YES;
				CLANG_ENABLE_OBJC_ARC = YES;
				CLANG_ENABLE_OBJC_WEAK = YES;
				CLANG_WARN_BLOCK_CAPTURE_AUTORELEASING = YES;
				CLANG_WARN_BOOL_CONVERSION = YES;
				CLANG_WARN_COMMA = YES;
				CLANG_WARN_CONSTANT_CONVERSION = YES;
				CLANG_WARN_DEPRECATED_OBJC_IMPLEMENTATIONS = YES;
				CLANG_WARN_DIRECT_OBJC_ISA_USAGE = YES_ERROR;
				CLANG_WARN_DOCUMENTATION_COMMENTS = YES;
				CLANG_WARN_EMPTY_BODY = YES;
				CLANG_WARN_ENUM_CONVERSION = YES;
				CLANG_WARN_INFINITE_RECURSION = YES;
				CLANG_WARN_INT_CONVERSION = YES;
				CLANG_WARN_NON_LITERAL_NULL_CONVERSION = YES;
				CLANG_WARN_OBJC_IMPLICIT_RETAIN_SELF = YES;
				CLANG_WARN_OBJC_LITERAL_CONVERSION = YES;
				CLANG_WARN_OBJC_ROOT_CLASS = YES_ERROR;
				CLANG_WARN_QUOTED_INCLUDE_IN_FRAMEWORK_HEADER = YES;
				CLANG_WARN_RANGE_LOOP_ANALYSIS = YES;
				CLANG_WARN_STRICT_PROTOTYPES = YES;
				CLANG_WARN_SUSPICIOUS_MOVE = YES;
				CLANG_WARN_UNGUARDED_AVAILABILITY = YES_AGGRESSIVE;
				CLANG_WARN_UNREACHABLE_CODE = YES;
				CLANG_WARN__DUPLICATE_METHOD_MATCH = YES;
				COPY_PHASE_STRIP = NO;
				DEBUG_INFORMATION_FORMAT = "dwarf-with-dsym";
				ENABLE_NS_ASSERTIONS = NO;
				ENABLE_STRICT_OBJC_MSGSEND = YES;
				GCC_C_LANGUAGE_STANDARD = gnu11;
				GCC_NO_COMMON_BLOCKS = YES;
				GCC_WARN_64_TO_32_BIT_CONVERSION = YES;
				GCC_WARN_ABOUT_RETURN_TYPE = YES_ERROR;
				GCC_WARN_UNDECLARED_SELECTOR = YES;
				GCC_WARN_UNINITIALIZED_AUTOS = YES_AGGRESSIVE;
				GCC_WARN_UNUSED_FUNCTION = YES;
				GCC_WARN_UNUSED_VARIABLE = YES;
				IPHONEOS_DEPLOYMENT_TARGET = 14.0;
				MTL_ENABLE_DEBUG_INFO = NO;
				MTL_FAST_MATH = YES;
				SDKROOT = iphoneos;
				SWIFT_COMPILATION_MODE = wholemodule;
				SWIFT_OPTIMIZATION_LEVEL = "-O";
				VALIDATE_PRODUCT = YES;
			};
			name = Release;
		};
		F9652A1A236D8F7B0099D900 /* Debug */ = {
			isa = XCBuildConfiguration;
			buildSettings = {
				ASSETCATALOG_COMPILER_APPICON_NAME = AppIcon;
				CODE_SIGN_STYLE = Automatic;
				DEVELOPMENT_TEAM = SM42V25455;
				INFOPLIST_FILE = "blog-dark-mode/Info.plist";
				IPHONEOS_DEPLOYMENT_TARGET = 16.4;
				LD_RUNPATH_SEARCH_PATHS = (
					"$(inherited)",
					"@executable_path/Frameworks",
				);
				PRODUCT_BUNDLE_IDENTIFIER = "com.LeeKahSeng.blog-dark-mode";
				PRODUCT_NAME = "$(TARGET_NAME)";
				SWIFT_VERSION = 5.0;
				TARGETED_DEVICE_FAMILY = "1,2";
			};
			name = Debug;
		};
		F9652A1B236D8F7B0099D900 /* Release */ = {
			isa = XCBuildConfiguration;
			buildSettings = {
				ASSETCATALOG_COMPILER_APPICON_NAME = AppIcon;
				CODE_SIGN_STYLE = Automatic;
				DEVELOPMENT_TEAM = SM42V25455;
				INFOPLIST_FILE = "blog-dark-mode/Info.plist";
				IPHONEOS_DEPLOYMENT_TARGET = 16.4;
				LD_RUNPATH_SEARCH_PATHS = (
					"$(inherited)",
					"@executable_path/Frameworks",
				);
				PRODUCT_BUNDLE_IDENTIFIER = "com.LeeKahSeng.blog-dark-mode";
				PRODUCT_NAME = "$(TARGET_NAME)";
				SWIFT_VERSION = 5.0;
				TARGETED_DEVICE_FAMILY = "1,2";
			};
			name = Release;
		};
/* End XCBuildConfiguration section */

/* Begin XCConfigurationList section */
		F9652A00236D8F6D0099D900 /* Build configuration list for PBXProject "blog-dark-mode" */ = {
			isa = XCConfigurationList;
			buildConfigurations = (
				F9652A17236D8F7B0099D900 /* Debug */,
				F9652A18236D8F7B0099D900 /* Release */,
			);
			defaultConfigurationIsVisible = 0;
			defaultConfigurationName = Release;
		};
		F9652A19236D8F7B0099D900 /* Build configuration list for PBXNativeTarget "blog-dark-mode" */ = {
			isa = XCConfigurationList;
			buildConfigurations = (
				F9652A1A236D8F7B0099D900 /* Debug */,
				F9652A1B236D8F7B0099D900 /* Release */,
			);
			defaultConfigurationIsVisible = 0;
			defaultConfigurationName = Release;
		};
/* End XCConfigurationList section */
	};
	rootObject = F96529FD236D8F6D0099D900 /* Project object */;
}
